
Microsoft Visual Studio Solution File, Format Version 12.00
# Visual Studio Version 16
VisualStudioVersion = 16.0.30128.74
MinimumVisualStudioVersion = 10.0.40219.1
Project("{FAE04EC0-301F-11D3-BF4B-00C04F79EFBC}") = "Ladder-GUI-WPF", "Ladder-GUI-WPF\Ladder-GUI-WPF.csproj", "{EA907839-D022-401E-B9F4-DCCB5BD0C0DA}"
EndProject
Global
	GlobalSection(SolutionConfigurationPlatforms) = preSolution
		Debug|Any CPU = Debug|Any CPU
		Release|Any CPU = Release|Any CPU
	EndGlobalSection
	GlobalSection(ProjectConfigurationPlatforms) = postSolution
		{EA907839-D022-401E-B9F4-DCCB5BD0C0DA}.Debug|Any CPU.ActiveCfg = Debug|Any CPU
		{EA907839-D022-401E-B9F4-DCCB5BD0C0DA}.Debug|Any CPU.Build.0 = Debug|Any CPU
		{EA907839-D022-401E-B9F4-DCCB5BD0C0DA}.Release|Any CPU.ActiveCfg = Release|Any CPU
		{EA907839-D022-401E-B9F4-DCCB5BD0C0DA}.Release|Any CPU.Build.0 = Release|Any CPU
	EndGlobalSection
	GlobalSection(SolutionProperties) = preSolution
		HideSolutionNode = FALSE
	EndGlobalSection
	GlobalSection(ExtensibilityGlobals) = postSolution
		SolutionGuid = {4F586CE7-6595-46BE-996F-9E33B5AEFA63}
	EndGlobalSection
EndGlobal
